
Microsoft Visual Studio Solution File, Format Version 12.00
# Visual Studio Version 17
VisualStudioVersion = 17.4.33122.133
MinimumVisualStudioVersion = 10.0.40219.1
Project("{FAE04EC0-301F-11D3-BF4B-00C04F79EFBC}") = "WHMSystem", "WHMSystem\WHMSystem.csproj", "{CDC99EC2-8AB0-45EB-AC57-3D3F7336D2A4}"
EndProject
Global
	GlobalSection(SolutionConfigurationPlatforms) = preSolution
		Debug|Any CPU = Debug|Any CPU
		Release|Any CPU = Release|Any CPU
	EndGlobalSection
	GlobalSection(ProjectConfigurationPlatforms) = postSolution
		{CDC99EC2-8AB0-45EB-AC57-3D3F7336D2A4}.Debug|Any CPU.ActiveCfg = Debug|Any CPU
		{CDC99EC2-8AB0-45EB-AC57-3D3F7336D2A4}.Debug|Any CPU.Build.0 = Debug|Any CPU
		{CDC99EC2-8AB0-45EB-AC57-3D3F7336D2A4}.Release|Any CPU.ActiveCfg = Release|Any CPU
		{CDC99EC2-8AB0-45EB-AC57-3D3F7336D2A4}.Release|Any CPU.Build.0 = Release|Any CPU
	EndGlobalSection
	GlobalSection(SolutionProperties) = preSolution
		HideSolutionNode = FALSE
	EndGlobalSection
	GlobalSection(ExtensibilityGlobals) = postSolution
		SolutionGuid = {85F7C502-7B3B-4E99-B985-79512FC12EC5}
	EndGlobalSection
EndGlobal
